
Microsoft Visual Studio Solution File, Format Version 12.00
# Visual Studio Version 17
VisualStudioVersion = 17.3.32929.385
MinimumVisualStudioVersion = 10.0.40219.1
Project("{FAE04EC0-301F-11D3-BF4B-00C04F79EFBC}") = "Atividade04", "Atividade04.csproj", "{520D7A77-8A31-4364-8CDF-0555ECD8D1BC}"
EndProject
Global
	GlobalSection(SolutionConfigurationPlatforms) = preSolution
		Debug|Any CPU = Debug|Any CPU
		Release|Any CPU = Release|Any CPU
	EndGlobalSection
	GlobalSection(ProjectConfigurationPlatforms) = postSolution
		{520D7A77-8A31-4364-8CDF-0555ECD8D1BC}.Debug|Any CPU.ActiveCfg = Debug|Any CPU
		{520D7A77-8A31-4364-8CDF-0555ECD8D1BC}.Debug|Any CPU.Build.0 = Debug|Any CPU
		{520D7A77-8A31-4364-8CDF-0555ECD8D1BC}.Release|Any CPU.ActiveCfg = Release|Any CPU
		{520D7A77-8A31-4364-8CDF-0555ECD8D1BC}.Release|Any CPU.Build.0 = Release|Any CPU
	EndGlobalSection
	GlobalSection(SolutionProperties) = preSolution
		HideSolutionNode = FALSE
	EndGlobalSection
	GlobalSection(ExtensibilityGlobals) = postSolution
		SolutionGuid = {97C4991E-8F8A-441A-8009-6E13032EFACD}
	EndGlobalSection
EndGlobal
