
Microsoft Visual Studio Solution File, Format Version 12.00
# Visual Studio Version 17
VisualStudioVersion = 17.3.32929.385
MinimumVisualStudioVersion = 10.0.40219.1
Project("{FAE04EC0-301F-11D3-BF4B-00C04F79EFBC}") = "Atividade02", "Atividade02.csproj", "{EC98C55A-65EC-428D-AC68-5EC54285687F}"
EndProject
Global
	GlobalSection(SolutionConfigurationPlatforms) = preSolution
		Debug|Any CPU = Debug|Any CPU
		Release|Any CPU = Release|Any CPU
	EndGlobalSection
	GlobalSection(ProjectConfigurationPlatforms) = postSolution
		{EC98C55A-65EC-428D-AC68-5EC54285687F}.Debug|Any CPU.ActiveCfg = Debug|Any CPU
		{EC98C55A-65EC-428D-AC68-5EC54285687F}.Debug|Any CPU.Build.0 = Debug|Any CPU
		{EC98C55A-65EC-428D-AC68-5EC54285687F}.Release|Any CPU.ActiveCfg = Release|Any CPU
		{EC98C55A-65EC-428D-AC68-5EC54285687F}.Release|Any CPU.Build.0 = Release|Any CPU
	EndGlobalSection
	GlobalSection(SolutionProperties) = preSolution
		HideSolutionNode = FALSE
	EndGlobalSection
	GlobalSection(ExtensibilityGlobals) = postSolution
		SolutionGuid = {A51C0D14-57B0-4439-BB80-BC90C4E78F58}
	EndGlobalSection
EndGlobal
