
Microsoft Visual Studio Solution File, Format Version 12.00
# Visual Studio Version 17
VisualStudioVersion = 17.3.32929.385
MinimumVisualStudioVersion = 10.0.40219.1
Project("{FAE04EC0-301F-11D3-BF4B-00C04F79EFBC}") = "Atividade01", "Atividade01.csproj", "{1299C0AF-E20B-4739-9889-21146D42C989}"
EndProject
Global
	GlobalSection(SolutionConfigurationPlatforms) = preSolution
		Debug|Any CPU = Debug|Any CPU
		Release|Any CPU = Release|Any CPU
	EndGlobalSection
	GlobalSection(ProjectConfigurationPlatforms) = postSolution
		{1299C0AF-E20B-4739-9889-21146D42C989}.Debug|Any CPU.ActiveCfg = Debug|Any CPU
		{1299C0AF-E20B-4739-9889-21146D42C989}.Debug|Any CPU.Build.0 = Debug|Any CPU
		{1299C0AF-E20B-4739-9889-21146D42C989}.Release|Any CPU.ActiveCfg = Release|Any CPU
		{1299C0AF-E20B-4739-9889-21146D42C989}.Release|Any CPU.Build.0 = Release|Any CPU
	EndGlobalSection
	GlobalSection(SolutionProperties) = preSolution
		HideSolutionNode = FALSE
	EndGlobalSection
	GlobalSection(ExtensibilityGlobals) = postSolution
		SolutionGuid = {612AF13E-0B60-49B0-A0A8-72E6316E8DF1}
	EndGlobalSection
EndGlobal
